{
  "name": "@file_router/liteparse-runtime",
  "lockfileVersion": 3,
  "requires": true,
  "packages": {
    "": {
      "name": "@file_router/liteparse-runtime",
      "dependencies": {
        "@llamaindex/liteparse": "2.8.0"
      },
      "devDependencies": {
        "@types/node": "^22",
        "typescript": "^6"
      }
    },
    "node_modules/@llamaindex/liteparse": {
      "version": "2.8.0",
      "resolved": "https://registry.npmjs.org/@llamaindex/liteparse/-/liteparse-2.8.0.tgz",
      "integrity": "sha512-xAAoSxYJsJPGm9OPvWKZFq4u5O0d1i/7ClgeXfjNhancurif2NZ4NQsQzoxmM9RG5Aa5f9pCFEMGkrRJTw2d/w==",
      "license": "Apache-2.0",
      "dependencies": {
        "commander": "^12.0.0"
      },
      "bin": {
        "lit": "dist/cli.js",
        "liteparse": "dist/cli.js"
      },
      "engines": {
        "node": ">=18.0.0"
      },
      "optionalDependencies": {
        "@llamaindex/liteparse-darwin-arm64": "2.8.0",
        "@llamaindex/liteparse-darwin-x64": "2.8.0",
        "@llamaindex/liteparse-linux-arm64-gnu": "2.8.0",
        "@llamaindex/liteparse-linux-x64-gnu": "2.8.0",
        "@llamaindex/liteparse-linux-x64-musl": "2.8.0",
        "@llamaindex/liteparse-win32-arm64-msvc": "2.8.0",
        "@llamaindex/liteparse-win32-x64-msvc": "2.8.0"
      }
    },
    "node_modules/@llamaindex/liteparse-darwin-arm64": {
      "version": "2.8.0",
      "resolved": "https://registry.npmjs.org/@llamaindex/liteparse-darwin-arm64/-/liteparse-darwin-arm64-2.8.0.tgz",
      "integrity": "sha512-b6GMRC1s+7iQMvXyeS7Hz3pLU1C0D7tyxXQa1isLEwvTaC5sA+vIsUxc51CT364VAEWdNtx/OifCY83SEfkDdQ==",
      "cpu": [
        "arm64"
      ],
      "license": "Apache-2.0",
      "optional": true,
      "os": [
        "darwin"
      ]
    },
    "node_modules/@llamaindex/liteparse-darwin-x64": {
      "version": "2.8.0",
      "resolved": "https://registry.npmjs.org/@llamaindex/liteparse-darwin-x64/-/liteparse-darwin-x64-2.8.0.tgz",
      "integrity": "sha512-XTPYt2JGY/ylsDMnhLvngNwt0E/YNiDH8X4B9pWyRrfqbdzNMDphKWxyiLR4lljzT25jwOW6MDPNsU2ew2/o/Q==",
      "cpu": [
        "x64"
      ],
      "license": "Apache-2.0",
      "optional": true,
      "os": [
        "darwin"
      ]
    },
    "node_modules/@llamaindex/liteparse-linux-arm64-gnu": {
      "version": "2.8.0",
      "resolved": "https://registry.npmjs.org/@llamaindex/liteparse-linux-arm64-gnu/-/liteparse-linux-arm64-gnu-2.8.0.tgz",
      "integrity": "sha512-9fewsJyfzmhXuURZskgsPruXfn1RuQHN7OV7VFwGUrdCULovijpE3DoZU8CJ8FTgI+eTV+7Di4L23lMujhM7aQ==",
      "cpu": [
        "arm64"
      ],
      "libc": [
        "glibc"
      ],
      "license": "Apache-2.0",
      "optional": true,
      "os": [
        "linux"
      ]
    },
    "node_modules/@llamaindex/liteparse-linux-x64-gnu": {
      "version": "2.8.0",
      "resolved": "https://registry.npmjs.org/@llamaindex/liteparse-linux-x64-gnu/-/liteparse-linux-x64-gnu-2.8.0.tgz",
      "integrity": "sha512-fl3VgDnkiPXdFY0bPwfFGRFnZaklL8dPYM5T1sIjWkYcJAYxMa13/xsso1Co47SNJSDPzgpaOEYcZpQAu3b0Pg==",
      "cpu": [
        "x64"
      ],
      "libc": [
        "glibc"
      ],
      "license": "Apache-2.0",
      "optional": true,
      "os": [
        "linux"
      ]
    },
    "node_modules/@llamaindex/liteparse-linux-x64-musl": {
      "version": "2.8.0",
      "resolved": "https://registry.npmjs.org/@llamaindex/liteparse-linux-x64-musl/-/liteparse-linux-x64-musl-2.8.0.tgz",
      "integrity": "sha512-zf7R2CSpXhba4G+8H9vut9/OqFwif3HSC/6uhfR2ZusqiwAqd+FOss2g0RHgJjuJej46E/ek/iUiFPiFWMe9Mg==",
      "cpu": [
        "x64"
      ],
      "libc": [
        "musl"
      ],
      "license": "Apache-2.0",
      "optional": true,
      "os": [
        "linux"
      ]
    },
    "node_modules/@llamaindex/liteparse-win32-arm64-msvc": {
      "version": "2.8.0",
      "resolved": "https://registry.npmjs.org/@llamaindex/liteparse-win32-arm64-msvc/-/liteparse-win32-arm64-msvc-2.8.0.tgz",
      "integrity": "sha512-LTgSjjBVe1UcGGMQ67+zK9kzN7gFl8WzXAhWH/WiG9uhhXllyNFdR4Yq0gXCIGjcihcGqtIIBxI57jlD7f80/g==",
      "cpu": [
        "arm64"
      ],
      "license": "Apache-2.0",
      "optional": true,
      "os": [
        "win32"
      ]
    },
    "node_modules/@llamaindex/liteparse-win32-x64-msvc": {
      "version": "2.8.0",
      "resolved": "https://registry.npmjs.org/@llamaindex/liteparse-win32-x64-msvc/-/liteparse-win32-x64-msvc-2.8.0.tgz",
      "integrity": "sha512-HnAQSXUp/xiAD2/I1RQfrPP2K1u2zdJuc0wODDb7sap/KSGNiRZfRQErj+WeYwkxBRgwI9/e7Rq1vCNn/w3OQw==",
      "cpu": [
        "x64"
      ],
      "license": "Apache-2.0",
      "optional": true,
      "os": [
        "win32"
      ]
    },
    "node_modules/@types/node": {
      "version": "22.20.1",
      "resolved": "https://registry.npmjs.org/@types/node/-/node-22.20.1.tgz",
      "integrity": "sha512-EANqOCF9QFyra+4pfxUcX9STKJpCLjMbObVzljIJomAWSnuSIEAvyzEU53GaajbXJEgdh0iEcPL+DGvpUd4k1Q==",
      "dev": true,
      "license": "MIT",
      "dependencies": {
        "undici-types": "~6.21.0"
      }
    },
    "node_modules/commander": {
      "version": "12.1.0",
      "resolved": "https://registry.npmjs.org/commander/-/commander-12.1.0.tgz",
      "integrity": "sha512-Vw8qHK3bZM9y/P10u3Vib8o/DdkvA2OtPtZvD871QKjy74Wj1WSKFILMPRPSdUSx5RFK1arlJzEtA4PkFgnbuA==",
      "license": "MIT",
      "engines": {
        "node": ">=18"
      }
    },
    "node_modules/typescript": {
      "version": "6.0.3",
      "resolved": "https://registry.npmjs.org/typescript/-/typescript-6.0.3.tgz",
      "integrity": "sha512-y2TvuxSZPDyQakkFRPZHKFm+KKVqIisdg9/CZwm9ftvKXLP8NRWj38/ODjNbr43SsoXqNuAisEf1GdCxqWcdBw==",
      "dev": true,
      "license": "Apache-2.0",
      "bin": {
        "tsc": "bin/tsc",
        "tsserver": "bin/tsserver"
      },
      "engines": {
        "node": ">=14.17"
      }
    },
    "node_modules/undici-types": {
      "version": "6.21.0",
      "resolved": "https://registry.npmjs.org/undici-types/-/undici-types-6.21.0.tgz",
      "integrity": "sha512-iwDZqg0QAGrg9Rav5H4n0M64c3mkR59cJ6wQp+7C4nI0gsmExaedaYLNO44eT4AtBBwjbTiGPMlt2Md0T9H9JQ==",
      "dev": true,
      "license": "MIT"
    }
  }
}
