{
  "name": "@file_router/pdf-inspector-runtime",
  "lockfileVersion": 3,
  "requires": true,
  "packages": {
    "": {
      "name": "@file_router/pdf-inspector-runtime",
      "dependencies": {
        "@firecrawl/pdf-inspector": "1.11.1"
      },
      "devDependencies": {
        "@types/node": "^22",
        "typescript": "^6"
      }
    },
    "node_modules/@firecrawl/pdf-inspector": {
      "version": "1.11.1",
      "resolved": "https://registry.npmjs.org/@firecrawl/pdf-inspector/-/pdf-inspector-1.11.1.tgz",
      "integrity": "sha512-v4SinJp+lJg3QYK5uJwkQoVm2pifU8aS1umtKsNvZepIp7ce76fyht8us8Ll3pJjAwUJtO2qEcgMmLaV4T749g==",
      "license": "MIT",
      "bin": {
        "pdf-inspector": "bin/pdf-inspector.mjs"
      },
      "optionalDependencies": {
        "@firecrawl/pdf-inspector-darwin-arm64": "1.11.1",
        "@firecrawl/pdf-inspector-linux-x64-gnu": "1.11.1",
        "@firecrawl/pdf-inspector-win32-x64-msvc": "1.11.1"
      }
    },
    "node_modules/@firecrawl/pdf-inspector-darwin-arm64": {
      "version": "1.11.1",
      "resolved": "https://registry.npmjs.org/@firecrawl/pdf-inspector-darwin-arm64/-/pdf-inspector-darwin-arm64-1.11.1.tgz",
      "integrity": "sha512-MYworvuQ84dRxMhVmhSuSP8gVdrxqKfnTC+spGc+OIEaJGHNuzgBUzgi9O7p3wSP/hkK9QdCDEbl6wdBO9a4rA==",
      "cpu": [
        "arm64"
      ],
      "license": "MIT",
      "optional": true,
      "os": [
        "darwin"
      ],
      "engines": {
        "node": ">= 10"
      }
    },
    "node_modules/@firecrawl/pdf-inspector-linux-x64-gnu": {
      "version": "1.11.1",
      "resolved": "https://registry.npmjs.org/@firecrawl/pdf-inspector-linux-x64-gnu/-/pdf-inspector-linux-x64-gnu-1.11.1.tgz",
      "integrity": "sha512-Vyp7EpmplnWFsyi7YGK1yKE97PIrueIpo7jJx9zfU5wVAjSQuBRwykYbSUywsS3GPEbfgFlMDAW0Cls4lbtPqw==",
      "cpu": [
        "x64"
      ],
      "libc": [
        "glibc"
      ],
      "license": "MIT",
      "optional": true,
      "os": [
        "linux"
      ],
      "engines": {
        "node": ">= 10"
      }
    },
    "node_modules/@firecrawl/pdf-inspector-win32-x64-msvc": {
      "version": "1.11.1",
      "resolved": "https://registry.npmjs.org/@firecrawl/pdf-inspector-win32-x64-msvc/-/pdf-inspector-win32-x64-msvc-1.11.1.tgz",
      "integrity": "sha512-B3hpMRHlJFaOdZaWiG0wyGcfVkf3AQh232tRd0kN4EpAIyo/sEU6+cbEarH1Z+ypd7QRNlO6fcnSYHelZaqS0A==",
      "cpu": [
        "x64"
      ],
      "license": "MIT",
      "optional": true,
      "os": [
        "win32"
      ],
      "engines": {
        "node": ">= 10"
      }
    },
    "node_modules/@types/node": {
      "version": "22.20.1",
      "resolved": "https://registry.npmjs.org/@types/node/-/node-22.20.1.tgz",
      "integrity": "sha512-EANqOCF9QFyra+4pfxUcX9STKJpCLjMbObVzljIJomAWSnuSIEAvyzEU53GaajbXJEgdh0iEcPL+DGvpUd4k1Q==",
      "dev": true,
      "license": "MIT",
      "dependencies": {
        "undici-types": "~6.21.0"
      }
    },
    "node_modules/typescript": {
      "version": "6.0.3",
      "resolved": "https://registry.npmjs.org/typescript/-/typescript-6.0.3.tgz",
      "integrity": "sha512-y2TvuxSZPDyQakkFRPZHKFm+KKVqIisdg9/CZwm9ftvKXLP8NRWj38/ODjNbr43SsoXqNuAisEf1GdCxqWcdBw==",
      "dev": true,
      "license": "Apache-2.0",
      "bin": {
        "tsc": "bin/tsc",
        "tsserver": "bin/tsserver"
      },
      "engines": {
        "node": ">=14.17"
      }
    },
    "node_modules/undici-types": {
      "version": "6.21.0",
      "resolved": "https://registry.npmjs.org/undici-types/-/undici-types-6.21.0.tgz",
      "integrity": "sha512-iwDZqg0QAGrg9Rav5H4n0M64c3mkR59cJ6wQp+7C4nI0gsmExaedaYLNO44eT4AtBBwjbTiGPMlt2Md0T9H9JQ==",
      "dev": true,
      "license": "MIT"
    }
  }
}
